
Microsoft Visual Studio Solution File, Format Version 12.00
# Visual Studio Version 17
VisualStudioVersion = 17.5.33530.505
MinimumVisualStudioVersion = 10.0.40219.1
Project("{9A19103F-16F7-4668-BE54-9A1E7A4F7556}") = "projet-mini-api", "projet-mini-api\projet-mini-api.csproj", "{F608D91D-B00A-4BD4-A3D7-FED47122BFDD}"
EndProject
Global
	GlobalSection(SolutionConfigurationPlatforms) = preSolution
		Debug|Any CPU = Debug|Any CPU
		Production|Any CPU = Production|Any CPU
		Release|Any CPU = Release|Any CPU
	EndGlobalSection
	GlobalSection(ProjectConfigurationPlatforms) = postSolution
		{F608D91D-B00A-4BD4-A3D7-FED47122BFDD}.Debug|Any CPU.ActiveCfg = Debug|Any CPU
		{F608D91D-B00A-4BD4-A3D7-FED47122BFDD}.Debug|Any CPU.Build.0 = Debug|Any CPU
		{F608D91D-B00A-4BD4-A3D7-FED47122BFDD}.Production|Any CPU.ActiveCfg = Production|Any CPU
		{F608D91D-B00A-4BD4-A3D7-FED47122BFDD}.Production|Any CPU.Build.0 = Production|Any CPU
		{F608D91D-B00A-4BD4-A3D7-FED47122BFDD}.Release|Any CPU.ActiveCfg = Release|Any CPU
		{F608D91D-B00A-4BD4-A3D7-FED47122BFDD}.Release|Any CPU.Build.0 = Release|Any CPU
	EndGlobalSection
	GlobalSection(SolutionProperties) = preSolution
		HideSolutionNode = FALSE
	EndGlobalSection
	GlobalSection(ExtensibilityGlobals) = postSolution
		SolutionGuid = {32009E9E-86F4-4541-9F10-0AF5C5EBF7EA}
	EndGlobalSection
EndGlobal
